Microsoft Visual Studio Solution File, Format Version 12.00
# Visual Studio Version 17
VisualStudioVersion = 17.5.2.0
MinimumVisualStudioVersion = 10.0.40219.1
Project("{FAE04EC0-301F-11D3-BF4B-00C04F79EFBC}") = "proyectoSistemaPropietarios", "proyectoSistemaPropietarios.csproj", "{FA263E2E-C0BC-BA35-1F0B-FB16616C9900}"
EndProject
Global
	GlobalSection(SolutionConfigurationPlatforms) = preSolution
		Debug|Any CPU = Debug|Any CPU
		Release|Any CPU = Release|Any CPU
	EndGlobalSection
	GlobalSection(ProjectConfigurationPlatforms) = postSolution
		{FA263E2E-C0BC-BA35-1F0B-FB16616C9900}.Debug|Any CPU.ActiveCfg = Debug|Any CPU
		{FA263E2E-C0BC-BA35-1F0B-FB16616C9900}.Debug|Any CPU.Build.0 = Debug|Any CPU
		{FA263E2E-C0BC-BA35-1F0B-FB16616C9900}.Release|Any CPU.ActiveCfg = Release|Any CPU
		{FA263E2E-C0BC-BA35-1F0B-FB16616C9900}.Release|Any CPU.Build.0 = Release|Any CPU
	EndGlobalSection
	GlobalSection(SolutionProperties) = preSolution
		HideSolutionNode = FALSE
	EndGlobalSection
	GlobalSection(ExtensibilityGlobals) = postSolution
		SolutionGuid = {B65B5BDE-275A-4B47-AD41-9E2F6DC032C6}
	EndGlobalSection
EndGlobal
